
Microsoft Visual Studio Solution File, Format Version 12.00
# Visual Studio 15
VisualStudioVersion = 15.0.26730.16
MinimumVisualStudioVersion = 10.0.40219.1
Project("{9A19103F-16F7-4668-BE54-9A1E7A4F7556}") = "XwOpt", "XwOpt\XwOpt.csproj", "{C5E184C7-536B-4B09-994B-AD2B60948597}"
EndProject
Project("{FAE04EC0-301F-11D3-BF4B-00C04F79EFBC}") = "XwOpt_test", "XwOpt_test\XwOpt_test.csproj", "{87F70B6E-343B-4B9B-A5E3-702BE3CFE516}"
EndProject
Global
	GlobalSection(SolutionConfigurationPlatforms) = preSolution
		Debug|Any CPU = Debug|Any CPU
		Release|Any CPU = Release|Any CPU
	EndGlobalSection
	GlobalSection(ProjectConfigurationPlatforms) = postSolution
		{C5E184C7-536B-4B09-994B-AD2B60948597}.Debug|Any CPU.ActiveCfg = Debug|Any CPU
		{C5E184C7-536B-4B09-994B-AD2B60948597}.Debug|Any CPU.Build.0 = Debug|Any CPU
		{C5E184C7-536B-4B09-994B-AD2B60948597}.Release|Any CPU.ActiveCfg = Release|Any CPU
		{C5E184C7-536B-4B09-994B-AD2B60948597}.Release|Any CPU.Build.0 = Release|Any CPU
		{87F70B6E-343B-4B9B-A5E3-702BE3CFE516}.Debug|Any CPU.ActiveCfg = Debug|Any CPU
		{87F70B6E-343B-4B9B-A5E3-702BE3CFE516}.Debug|Any CPU.Build.0 = Debug|Any CPU
		{87F70B6E-343B-4B9B-A5E3-702BE3CFE516}.Release|Any CPU.ActiveCfg = Release|Any CPU
		{87F70B6E-343B-4B9B-A5E3-702BE3CFE516}.Release|Any CPU.Build.0 = Release|Any CPU
	EndGlobalSection
	GlobalSection(SolutionProperties) = preSolution
		HideSolutionNode = FALSE
	EndGlobalSection
	GlobalSection(ExtensibilityGlobals) = postSolution
		SolutionGuid = {CDDCCC49-1D71-440C-8D25-50B904FDCCBD}
	EndGlobalSection
EndGlobal
